
Microsoft Visual Studio Solution File, Format Version 12.00
# Visual Studio Version 16
VisualStudioVersion = 16.0.30011.22
MinimumVisualStudioVersion = 10.0.40219.1
Project("{FAE04EC0-301F-11D3-BF4B-00C04F79EFBC}") = "kdyf.umbraco8.headleass", "kdyf.umbraco8.headleass\kdyf.umbraco8.headleass.csproj", "{29629039-9E7E-4B51-BC33-DE2B720C690F}"
EndProject
Global
	GlobalSection(SolutionConfigurationPlatforms) = preSolution
		Debug|Any CPU = Debug|Any CPU
		Release|Any CPU = Release|Any CPU
	EndGlobalSection
	GlobalSection(ProjectConfigurationPlatforms) = postSolution
		{29629039-9E7E-4B51-BC33-DE2B720C690F}.Debug|Any CPU.ActiveCfg = Debug|Any CPU
		{29629039-9E7E-4B51-BC33-DE2B720C690F}.Debug|Any CPU.Build.0 = Debug|Any CPU
		{29629039-9E7E-4B51-BC33-DE2B720C690F}.Release|Any CPU.ActiveCfg = Release|Any CPU
		{29629039-9E7E-4B51-BC33-DE2B720C690F}.Release|Any CPU.Build.0 = Release|Any CPU
	EndGlobalSection
	GlobalSection(SolutionProperties) = preSolution
		HideSolutionNode = FALSE
	EndGlobalSection
	GlobalSection(ExtensibilityGlobals) = postSolution
		SolutionGuid = {174FB7AB-996F-40AC-9E08-4AEFADE61B97}
	EndGlobalSection
EndGlobal
